
Microsoft Visual Studio Solution File, Format Version 12.00
# Visual Studio 15
VisualStudioVersion = 15.0.26430.14
MinimumVisualStudioVersion = 10.0.40219.1
Project("{9A19103F-16F7-4668-BE54-9A1E7A4F7556}") = "Pagination.Elasticsearch", "Pagination.Elasticsearch\Pagination.Elasticsearch.csproj", "{C311158A-0414-49F8-A4F2-F256E8568AF9}"
EndProject
Project("{9A19103F-16F7-4668-BE54-9A1E7A4F7556}") = "Pagination.Elasticsearch.Tests", "Pagination.Elasticsearch.Tests\Pagination.Elasticsearch.Tests.csproj", "{C857CB49-BB97-4D31-BE3C-3099DD263314}"
EndProject
Project("{9A19103F-16F7-4668-BE54-9A1E7A4F7556}") = "Pagination.Primitives", "Pagination.Primitives\Pagination.Primitives.csproj", "{FFA56CEB-B086-478A-83AB-B21FC5432F44}"
EndProject
Project("{9A19103F-16F7-4668-BE54-9A1E7A4F7556}") = "Pagination.Primitives.Tests", "Pagination.Primitives.Tests\Pagination.Primitives.Tests.csproj", "{3A437C7D-3C6B-4AFB-A785-3B94E7819D1F}"
EndProject
Global
	GlobalSection(SolutionConfigurationPlatforms) = preSolution
		Debug|Any CPU = Debug|Any CPU
		Release|Any CPU = Release|Any CPU
	EndGlobalSection
	GlobalSection(ProjectConfigurationPlatforms) = postSolution
		{C311158A-0414-49F8-A4F2-F256E8568AF9}.Debug|Any CPU.ActiveCfg = Debug|Any CPU
		{C311158A-0414-49F8-A4F2-F256E8568AF9}.Debug|Any CPU.Build.0 = Debug|Any CPU
		{C311158A-0414-49F8-A4F2-F256E8568AF9}.Release|Any CPU.ActiveCfg = Release|Any CPU
		{C311158A-0414-49F8-A4F2-F256E8568AF9}.Release|Any CPU.Build.0 = Release|Any CPU
		{C857CB49-BB97-4D31-BE3C-3099DD263314}.Debug|Any CPU.ActiveCfg = Debug|Any CPU
		{C857CB49-BB97-4D31-BE3C-3099DD263314}.Debug|Any CPU.Build.0 = Debug|Any CPU
		{C857CB49-BB97-4D31-BE3C-3099DD263314}.Release|Any CPU.ActiveCfg = Release|Any CPU
		{C857CB49-BB97-4D31-BE3C-3099DD263314}.Release|Any CPU.Build.0 = Release|Any CPU
		{FFA56CEB-B086-478A-83AB-B21FC5432F44}.Debug|Any CPU.ActiveCfg = Debug|Any CPU
		{FFA56CEB-B086-478A-83AB-B21FC5432F44}.Debug|Any CPU.Build.0 = Debug|Any CPU
		{FFA56CEB-B086-478A-83AB-B21FC5432F44}.Release|Any CPU.ActiveCfg = Release|Any CPU
		{FFA56CEB-B086-478A-83AB-B21FC5432F44}.Release|Any CPU.Build.0 = Release|Any CPU
		{3A437C7D-3C6B-4AFB-A785-3B94E7819D1F}.Debug|Any CPU.ActiveCfg = Debug|Any CPU
		{3A437C7D-3C6B-4AFB-A785-3B94E7819D1F}.Debug|Any CPU.Build.0 = Debug|Any CPU
		{3A437C7D-3C6B-4AFB-A785-3B94E7819D1F}.Release|Any CPU.ActiveCfg = Release|Any CPU
		{3A437C7D-3C6B-4AFB-A785-3B94E7819D1F}.Release|Any CPU.Build.0 = Release|Any CPU
	EndGlobalSection
	GlobalSection(SolutionProperties) = preSolution
		HideSolutionNode = FALSE
	EndGlobalSection
EndGlobal
